
Microsoft Visual Studio Solution File, Format Version 11.00
# Visual Studio 2010
# SharpDevelop 4.4
Project("{FD48973F-F585-4F70-812B-4D0503B36CE9}") = "Test", "Test\Test.pyproj", "{B48F1C85-F57B-4DAC-B991-8E5CFF97717B}"
EndProject
Global
	GlobalSection(SolutionConfigurationPlatforms) = preSolution
		Debug|Any CPU = Debug|Any CPU
		Release|Any CPU = Release|Any CPU
	EndGlobalSection
	GlobalSection(ProjectConfigurationPlatforms) = postSolution
		{B48F1C85-F57B-4DAC-B991-8E5CFF97717B}.Debug|Any CPU.Build.0 = Debug|Any CPU
		{B48F1C85-F57B-4DAC-B991-8E5CFF97717B}.Debug|Any CPU.ActiveCfg = Debug|Any CPU
		{B48F1C85-F57B-4DAC-B991-8E5CFF97717B}.Release|Any CPU.Build.0 = Release|Any CPU
		{B48F1C85-F57B-4DAC-B991-8E5CFF97717B}.Release|Any CPU.ActiveCfg = Release|Any CPU
	EndGlobalSection
EndGlobal
