
Microsoft Visual Studio Solution File, Format Version 11.00
# Visual Studio 2010
# SharpDevelop 4.2.1.8805
Project("{FD48973F-F585-4F70-812B-4D0503B36CE9}") = "Prog130a", "Prog130a.pyproj", "{9C7A0CAB-54BD-4B6F-8BD5-A99AF277E0E9}"
EndProject
Global
	GlobalSection(SolutionConfigurationPlatforms) = preSolution
		Debug|x86 = Debug|x86
		Release|x86 = Release|x86
	EndGlobalSection
	GlobalSection(ProjectConfigurationPlatforms) = postSolution
		{9C7A0CAB-54BD-4B6F-8BD5-A99AF277E0E9}.Debug|x86.Build.0 = Debug|x86
		{9C7A0CAB-54BD-4B6F-8BD5-A99AF277E0E9}.Debug|x86.ActiveCfg = Debug|x86
		{9C7A0CAB-54BD-4B6F-8BD5-A99AF277E0E9}.Release|x86.Build.0 = Release|x86
		{9C7A0CAB-54BD-4B6F-8BD5-A99AF277E0E9}.Release|x86.ActiveCfg = Release|x86
	EndGlobalSection
EndGlobal
